
Microsoft Visual Studio Solution File, Format Version 12.00
# Visual Studio 2013
VisualStudioVersion = 12.0.40629.0
MinimumVisualStudioVersion = 10.0.40219.1
Project("{FAE04EC0-301F-11D3-BF4B-00C04F79EFBC}") = "Server", "Server\Server.csproj", "{B667A51E-284D-44CF-8B8F-98B73C9119AF}"
EndProject
Project("{FAE04EC0-301F-11D3-BF4B-00C04F79EFBC}") = "Client", "Client\Client.csproj", "{9C5E3183-6DA2-4F2C-AFD0-4DA4D24A0935}"
EndProject
Global
	GlobalSection(SolutionConfigurationPlatforms) = preSolution
		Debug|Any CPU = Debug|Any CPU
		Release|Any CPU = Release|Any CPU
	EndGlobalSection
	GlobalSection(ProjectConfigurationPlatforms) = postSolution
		{B667A51E-284D-44CF-8B8F-98B73C9119AF}.Debug|Any CPU.ActiveCfg = Debug|Any CPU
		{B667A51E-284D-44CF-8B8F-98B73C9119AF}.Debug|Any CPU.Build.0 = Debug|Any CPU
		{B667A51E-284D-44CF-8B8F-98B73C9119AF}.Release|Any CPU.ActiveCfg = Release|Any CPU
		{B667A51E-284D-44CF-8B8F-98B73C9119AF}.Release|Any CPU.Build.0 = Release|Any CPU
		{9C5E3183-6DA2-4F2C-AFD0-4DA4D24A0935}.Debug|Any CPU.ActiveCfg = Debug|Any CPU
		{9C5E3183-6DA2-4F2C-AFD0-4DA4D24A0935}.Debug|Any CPU.Build.0 = Debug|Any CPU
		{9C5E3183-6DA2-4F2C-AFD0-4DA4D24A0935}.Release|Any CPU.ActiveCfg = Release|Any CPU
		{9C5E3183-6DA2-4F2C-AFD0-4DA4D24A0935}.Release|Any CPU.Build.0 = Release|Any CPU
	EndGlobalSection
	GlobalSection(SolutionProperties) = preSolution
		HideSolutionNode = FALSE
	EndGlobalSection
EndGlobal
